
Microsoft Visual Studio Solution File, Format Version 12.00
Project("{2150E333-8FDC-42A3-9474-1A3956D46DE8}") = "src", "src", "{B57F3AD4-70A7-4683-8CC6-8BE313732E08}"
EndProject
Project("{2150E333-8FDC-42A3-9474-1A3956D46DE8}") = "tests", "tests", "{77141E2C-7283-4BC9-8E63-3D5108011638}"
EndProject
Project("{FAE04EC0-301F-11D3-BF4B-00C04F79EFBC}") = "Chess.Engine", "src\Chess.Engine\Chess.Engine.csproj", "{36B7792F-38C5-4A88-993B-F43DCCCBFFEF}"
EndProject
Project("{FAE04EC0-301F-11D3-BF4B-00C04F79EFBC}") = "Chess.GUI", "src\Chess.GUI\Chess.GUI.csproj", "{DFD559E6-7DCE-46F7-BCA7-BC3F5FDFFDBE}"
EndProject
Project("{FAE04EC0-301F-11D3-BF4B-00C04F79EFBC}") = "Chess.Engine.Tests", "tests\Chess.Engine.Tests\Chess.Engine.Tests.csproj", "{056D0EC4-28CB-477B-9E00-74815EBE70D9}"
EndProject
Global
	GlobalSection(SolutionConfigurationPlatforms) = preSolution
		Debug|Any CPU = Debug|Any CPU
		Release|Any CPU = Release|Any CPU
	EndGlobalSection
	GlobalSection(ProjectConfigurationPlatforms) = postSolution
		{36B7792F-38C5-4A88-993B-F43DCCCBFFEF}.Debug|Any CPU.ActiveCfg = Debug|Any CPU
		{36B7792F-38C5-4A88-993B-F43DCCCBFFEF}.Debug|Any CPU.Build.0 = Debug|Any CPU
		{36B7792F-38C5-4A88-993B-F43DCCCBFFEF}.Release|Any CPU.ActiveCfg = Release|Any CPU
		{36B7792F-38C5-4A88-993B-F43DCCCBFFEF}.Release|Any CPU.Build.0 = Release|Any CPU
		{3DB1150A-C23B-4862-8504-9BE20A377429}.Debug|Any CPU.ActiveCfg = Debug|Any CPU
		{3DB1150A-C23B-4862-8504-9BE20A377429}.Debug|Any CPU.Build.0 = Debug|Any CPU
		{3DB1150A-C23B-4862-8504-9BE20A377429}.Release|Any CPU.ActiveCfg = Release|Any CPU
		{3DB1150A-C23B-4862-8504-9BE20A377429}.Release|Any CPU.Build.0 = Release|Any CPU
		{DFD559E6-7DCE-46F7-BCA7-BC3F5FDFFDBE}.Debug|Any CPU.ActiveCfg = Debug|Any CPU
		{DFD559E6-7DCE-46F7-BCA7-BC3F5FDFFDBE}.Debug|Any CPU.Build.0 = Debug|Any CPU
		{DFD559E6-7DCE-46F7-BCA7-BC3F5FDFFDBE}.Release|Any CPU.ActiveCfg = Release|Any CPU
		{DFD559E6-7DCE-46F7-BCA7-BC3F5FDFFDBE}.Release|Any CPU.Build.0 = Release|Any CPU
		{056D0EC4-28CB-477B-9E00-74815EBE70D9}.Debug|Any CPU.ActiveCfg = Debug|Any CPU
		{056D0EC4-28CB-477B-9E00-74815EBE70D9}.Debug|Any CPU.Build.0 = Debug|Any CPU
		{056D0EC4-28CB-477B-9E00-74815EBE70D9}.Release|Any CPU.ActiveCfg = Release|Any CPU
		{056D0EC4-28CB-477B-9E00-74815EBE70D9}.Release|Any CPU.Build.0 = Release|Any CPU
	EndGlobalSection
	GlobalSection(NestedProjects) = preSolution
		{36B7792F-38C5-4A88-993B-F43DCCCBFFEF} = {B57F3AD4-70A7-4683-8CC6-8BE313732E08}
		{3DB1150A-C23B-4862-8504-9BE20A377429} = {B57F3AD4-70A7-4683-8CC6-8BE313732E08}
		{DFD559E6-7DCE-46F7-BCA7-BC3F5FDFFDBE} = {B57F3AD4-70A7-4683-8CC6-8BE313732E08}
		{056D0EC4-28CB-477B-9E00-74815EBE70D9} = {77141E2C-7283-4BC9-8E63-3D5108011638}
	EndGlobalSection
EndGlobal
